// !$*UTF8*$!
{
	archiveVersion = 1;
	classes = {
	};
	objectVersion = 55;
	objects = {

/* Begin PBXBuildFile section */
		A17B924F2889125300025049 /* CS193PApp.swift in Sources */ = {isa = PBXBuildFile; fileRef = A17B924E2889125300025049 /* CS193PApp.swift */; };
		A17B92512889125300025049 /* ContentView.swift in Sources */ = {isa = PBXBuildFile; fileRef = A17B92502889125300025049 /* ContentView.swift */; };
		A17B92532889125400025049 /* Assets.xcassets in Resources */ = {isa = PBXBuildFile; fileRef = A17B92522889125400025049 /* Assets.xcassets */; };
		A17B92562889125400025049 /* Preview Assets.xcassets in Resources */ = {isa = PBXBuildFile; fileRef = A17B92552889125400025049 /* Preview Assets.xcassets */; };
		A17B92602889125400025049 /* CS193PTests.swift in Sources */ = {isa = PBXBuildFile; fileRef = A17B925F2889125400025049 /* CS193PTests.swift */; };
		A17B926A2889125400025049 /* CS193PUITests.swift in Sources */ = {isa = PBXBuildFile; fileRef = A17B92692889125400025049 /* CS193PUITests.swift */; };
		A17B926C2889125400025049 /* CS193PUITestsLaunchTests.swift in Sources */ = {isa = PBXBuildFile; fileRef = A17B926B2889125400025049 /* CS193PUITestsLaunchTests.swift */; };
/* End PBXBuildFile section */

/* Begin PBXContainerItemProxy section */
		A17B925C2889125400025049 /* PBXContainerItemProxy */ = {
			isa = PBXContainerItemProxy;
			containerPortal = A17B92432889125300025049 /* Project object */;
			proxyType = 1;
			remoteGlobalIDString = A17B924A2889125300025049;
			remoteInfo = CS193P;
		};
		A17B92662889125400025049 /* PBXContainerItemProxy */ = {
			isa = PBXContainerItemProxy;
			containerPortal = A17B92432889125300025049 /* Project object */;
			proxyType = 1;
			remoteGlobalIDString = A17B924A2889125300025049;
			remoteInfo = CS193P;
		};
/* End PBXContainerItemProxy section */

/* Begin PBXFileReference section */
		A17B924B2889125300025049 /* CS193P.app */ = {isa = PBXFileReference; explicitFileType = wrapper.application; includeInIndex = 0; path = CS193P.app; sourceTree = BUILT_PRODUCTS_DIR; };
		A17B924E2889125300025049 /* CS193PApp.swift */ = {isa = PBXFileReference; lastKnownFileType = sourcecode.swift; path = CS193PApp.swift; sourceTree = "<group>"; };
		A17B92502889125300025049 /* ContentView.swift */ = {isa = PBXFileReference; lastKnownFileType = sourcecode.swift; path = ContentView.swift; sourceTree = "<group>"; };
		A17B92522889125400025049 /* Assets.xcassets */ = {isa = PBXFileReference; lastKnownFileType = folder.assetcatalog; path = Assets.xcassets; sourceTree = "<group>"; };
		A17B92552889125400025049 /* Preview Assets.xcassets */ = {isa = PBXFileReference; lastKnownFileType = folder.assetcatalog; path = "Preview Assets.xcassets"; sourceTree = "<group>"; };
		A17B925B2889125400025049 /* CS193PTests.xctest */ = {isa = PBXFileReference; explicitFileType = wrapper.cfbundle; includeInIndex = 0; path = CS193PTests.xctest; sourceTree = BUILT_PRODUCTS_DIR; };
		A17B925F2889125400025049 /* CS193PTests.swift */ = {isa = PBXFileReference; lastKnownFileType = sourcecode.swift; path = CS193PTests.swift; sourceTree = "<group>"; };
		A17B92652889125400025049 /* CS193PUITests.xctest */ = {isa = PBXFileReference; explicitFileType = wrapper.cfbundle; includeInIndex = 0; path = CS193PUITests.xctest; sourceTree = BUILT_PRODUCTS_DIR; };
		A17B92692889125400025049 /* CS193PUITests.swift */ = {isa = PBXFileReference; lastKnownFileType = sourcecode.swift; path = CS193PUITests.swift; sourceTree = "<group>"; };
		A17B926B2889125400025049 /* CS193PUITestsLaunchTests.swift */ = {isa = PBXFileReference; lastKnownFileType = sourcecode.swift; path = CS193PUITestsLaunchTests.swift; sourceTree = "<group>"; };
/* End PBXFileReference section */

/* Begin PBXFrameworksBuildPhase section */
		A17B92482889125300025049 /* Frameworks */ = {
			isa = PBXFrameworksBuildPhase;
			buildActionMask = 2147483647;
			files = (
			);
			runOnlyForDeploymentPostprocessing = 0;
		};
		A17B92582889125400025049 /* Frameworks */ = {
			isa = PBXFrameworksBuildPhase;
			buildActionMask = 2147483647;
			files = (
			);
			runOnlyForDeploymentPostprocessing = 0;
		};
		A17B92622889125400025049 /* Frameworks */ = {
			isa = PBXFrameworksBuildPhase;
			buildActionMask = 2147483647;
			files = (
			);
			runOnlyForDeploymentPostprocessing = 0;
		};
/* End PBXFrameworksBuildPhase section */

/* Begin PBXGroup section */
		A17B92422889125300025049 = {
			isa = PBXGroup;
			children = (
				A17B924D2889125300025049 /* CS193P */,
				A17B925E2889125400025049 /* CS193PTests */,
				A17B92682889125400025049 /* CS193PUITests */,
				A17B924C2889125300025049 /* Products */,
			);
			sourceTree = "<group>";
		};
		A17B924C2889125300025049 /* Products */ = {
			isa = PBXGroup;
			children = (
				A17B924B2889125300025049 /* CS193P.app */,
				A17B925B2889125400025049 /* CS193PTests.xctest */,
				A17B92652889125400025049 /* CS193PUITests.xctest */,
			);
			name = Products;
			sourceTree = "<group>";
		};
		A17B924D2889125300025049 /* CS193P */ = {
			isa = PBXGroup;
			children = (
				A17B924E2889125300025049 /* CS193PApp.swift */,
				A17B92502889125300025049 /* ContentView.swift */,
				A17B92522889125400025049 /* Assets.xcassets */,
				A17B92542889125400025049 /* Preview Content */,
			);
			path = CS193P;
			sourceTree = "<group>";
		};
		A17B92542889125400025049 /* Preview Content */ = {
			isa = PBXGroup;
			children = (
				A17B92552889125400025049 /* Preview Assets.xcassets */,
			);
			path = "Preview Content";
			sourceTree = "<group>";
		};
		A17B925E2889125400025049 /* CS193PTests */ = {
			isa = PBXGroup;
			children = (
				A17B925F2889125400025049 /* CS193PTests.swift */,
			);
			path = CS193PTests;
			sourceTree = "<group>";
		};
		A17B92682889125400025049 /* CS193PUITests */ = {
			isa = PBXGroup;
			children = (
				A17B92692889125400025049 /* CS193PUITests.swift */,
				A17B926B2889125400025049 /* CS193PUITestsLaunchTests.swift */,
			);
			path = CS193PUITests;
			sourceTree = "<group>";
		};
/* End PBXGroup section */

/* Begin PBXNativeTarget section */
		A17B924A2889125300025049 /* CS193P */ = {
			isa = PBXNativeTarget;
			buildConfigurationList = A17B926F2889125400025049 /* Build configuration list for PBXNativeTarget "CS193P" */;
			buildPhases = (
				A17B92472889125300025049 /* Sources */,
				A17B92482889125300025049 /* Frameworks */,
				A17B92492889125300025049 /* Resources */,
			);
			buildRules = (
			);
			dependencies = (
			);
			name = CS193P;
			productName = CS193P;
			productReference = A17B924B2889125300025049 /* CS193P.app */;
			productType = "com.apple.product-type.application";
		};
		A17B925A2889125400025049 /* CS193PTests */ = {
			isa = PBXNativeTarget;
			buildConfigurationList = A17B92722889125400025049 /* Build configuration list for PBXNativeTarget "CS193PTests" */;
			buildPhases = (
				A17B92572889125400025049 /* Sources */,
				A17B92582889125400025049 /* Frameworks */,
				A17B92592889125400025049 /* Resources */,
			);
			buildRules = (
			);
			dependencies = (
				A17B925D2889125400025049 /* PBXTargetDependency */,
			);
			name = CS193PTests;
			productName = CS193PTests;
			productReference = A17B925B2889125400025049 /* CS193PTests.xctest */;
			productType = "com.apple.product-type.bundle.unit-test";
		};
		A17B92642889125400025049 /* CS193PUITests */ = {
			isa = PBXNativeTarget;
			buildConfigurationList = A17B92752889125400025049 /* Build configuration list for PBXNativeTarget "CS193PUITests" */;
			buildPhases = (
				A17B92612889125400025049 /* Sources */,
				A17B92622889125400025049 /* Frameworks */,
				A17B92632889125400025049 /* Resources */,
			);
			buildRules = (
			);
			dependencies = (
				A17B92672889125400025049 /* PBXTargetDependency */,
			);
			name = CS193PUITests;
			productName = CS193PUITests;
			productReference = A17B92652889125400025049 /* CS193PUITests.xctest */;
			productType = "com.apple.product-type.bundle.ui-testing";
		};
/* End PBXNativeTarget section */

/* Begin PBXProject section */
		A17B92432889125300025049 /* Project object */ = {
			isa = PBXProject;
			attributes = {
				BuildIndependentTargetsInParallel = 1;
				LastSwiftUpdateCheck = 1340;
				LastUpgradeCheck = 1340;
				TargetAttributes = {
					A17B924A2889125300025049 = {
						CreatedOnToolsVersion = 13.4.1;
					};
					A17B925A2889125400025049 = {
						CreatedOnToolsVersion = 13.4.1;
						TestTargetID = A17B924A2889125300025049;
					};
					A17B92642889125400025049 = {
						CreatedOnToolsVersion = 13.4.1;
						TestTargetID = A17B924A2889125300025049;
					};
				};
			};
			buildConfigurationList = A17B92462889125300025049 /* Build configuration list for PBXProject "CS193P" */;
			compatibilityVersion = "Xcode 13.0";
			developmentRegion = en;
			hasScannedForEncodings = 0;
			knownRegions = (
				en,
				Base,
			);
			mainGroup = A17B92422889125300025049;
			productRefGroup = A17B924C2889125300025049 /* Products */;
			projectDirPath = "";
			projectRoot = "";
			targets = (
				A17B924A2889125300025049 /* CS193P */,
				A17B925A2889125400025049 /* CS193PTests */,
				A17B92642889125400025049 /* CS193PUITests */,
			);
		};
/* End PBXProject section */

/* Begin PBXResourcesBuildPhase section */
		A17B92492889125300025049 /* Resources */ = {
			isa = PBXResourcesBuildPhase;
			buildActionMask = 2147483647;
			files = (
				A17B92562889125400025049 /* Preview Assets.xcassets in Resources */,
				A17B92532889125400025049 /* Assets.xcassets in Resources */,
			);
			runOnlyForDeploymentPostprocessing = 0;
		};
		A17B92592889125400025049 /* Resources */ = {
			isa = PBXResourcesBuildPhase;
			buildActionMask = 2147483647;
			files = (
			);
			runOnlyForDeploymentPostprocessing = 0;
		};
		A17B92632889125400025049 /* Resources */ = {
			isa = PBXResourcesBuildPhase;
			buildActionMask = 2147483647;
			files = (
			);
			runOnlyForDeploymentPostprocessing = 0;
		};
/* End PBXResourcesBuildPhase section */

/* Begin PBXSourcesBuildPhase section */
		A17B92472889125300025049 /* Sources */ = {
			isa = PBXSourcesBuildPhase;
			buildActionMask = 2147483647;
			files = (
				A17B92512889125300025049 /* ContentView.swift in Sources */,
				A17B924F2889125300025049 /* CS193PApp.swift in Sources */,
			);
			runOnlyForDeploymentPostprocessing = 0;
		};
		A17B92572889125400025049 /* Sources */ = {
			isa = PBXSourcesBuildPhase;
			buildActionMask = 2147483647;
			files = (
				A17B92602889125400025049 /* CS193PTests.swift in Sources */,
			);
			runOnlyForDeploymentPostprocessing = 0;
		};
		A17B92612889125400025049 /* Sources */ = {
			isa = PBXSourcesBuildPhase;
			buildActionMask = 2147483647;
			files = (
				A17B926A2889125400025049 /* CS193PUITests.swift in Sources */,
				A17B926C2889125400025049 /* CS193PUITestsLaunchTests.swift in Sources */,
			);
			runOnlyForDeploymentPostprocessing = 0;
		};
/* End PBXSourcesBuildPhase section */

/* Begin PBXTargetDependency section */
		A17B925D2889125400025049 /* PBXTargetDependency */ = {
			isa = PBXTargetDependency;
			target = A17B924A2889125300025049 /* CS193P */;
			targetProxy = A17B925C2889125400025049 /* PBXContainerItemProxy */;
		};
		A17B92672889125400025049 /* PBXTargetDependency */ = {
			isa = PBXTargetDependency;
			target = A17B924A2889125300025049 /* CS193P */;
			targetProxy = A17B92662889125400025049 /* PBXContainerItemProxy */;
		};
/* End PBXTargetDependency section */

/* Begin XCBuildConfiguration section */
		A17B926D2889125400025049 /* Debug */ = {
			isa = XCBuildConfiguration;
			buildSettings = {
				ALWAYS_SEARCH_USER_PATHS = NO;
				CLANG_ANALYZER_NONNULL = YES;
				CLANG_ANALYZER_NUMBER_OBJECT_CONVERSION = YES_AGGRESSIVE;
				CLANG_CXX_LANGUAGE_STANDARD = "gnu++17";
				CLANG_ENABLE_MODULES = YES;
				CLANG_ENABLE_OBJC_ARC = YES;
				CLANG_ENABLE_OBJC_WEAK = YES;
				CLANG_WARN_BLOCK_CAPTURE_AUTORELEASING = YES;
				CLANG_WARN_BOOL_CONVERSION = YES;
				CLANG_WARN_COMMA = YES;
				CLANG_WARN_CONSTANT_CONVERSION = YES;
				CLANG_WARN_DEPRECATED_OBJC_IMPLEMENTATIONS = YES;
				CLANG_WARN_DIRECT_OBJC_ISA_USAGE = YES_ERROR;
				CLANG_WARN_DOCUMENTATION_COMMENTS = YES;
				CLANG_WARN_EMPTY_BODY = YES;
				CLANG_WARN_ENUM_CONVERSION = YES;
				CLANG_WARN_INFINITE_RECURSION = YES;
				CLANG_WARN_INT_CONVERSION = YES;
				CLANG_WARN_NON_LITERAL_NULL_CONVERSION = YES;
				CLANG_WARN_OBJC_IMPLICIT_RETAIN_SELF = YES;
				CLANG_WARN_OBJC_LITERAL_CONVERSION = YES;
				CLANG_WARN_OBJC_ROOT_CLASS = YES_ERROR;
				CLANG_WARN_QUOTED_INCLUDE_IN_FRAMEWORK_HEADER = YES;
				CLANG_WARN_RANGE_LOOP_ANALYSIS = YES;
				CLANG_WARN_STRICT_PROTOTYPES = YES;
				CLANG_WARN_SUSPICIOUS_MOVE = YES;
				CLANG_WARN_UNGUARDED_AVAILABILITY = YES_AGGRESSIVE;
				CLANG_WARN_UNREACHABLE_CODE = YES;
				CLANG_WARN__DUPLICATE_METHOD_MATCH = YES;
				COPY_PHASE_STRIP = NO;
				DEBUG_INFORMATION_FORMAT = dwarf;
				ENABLE_STRICT_OBJC_MSGSEND = YES;
				ENABLE_TESTABILITY = YES;
				GCC_C_LANGUAGE_STANDARD = gnu11;
				GCC_DYNAMIC_NO_PIC = NO;
				GCC_NO_COMMON_BLOCKS = YES;
				GCC_OPTIMIZATION_LEVEL = 0;
				GCC_PREPROCESSOR_DEFINITIONS = (
					"DEBUG=1",
					"$(inherited)",
				);
				GCC_WARN_64_TO_32_BIT_CONVERSION = YES;
				GCC_WARN_ABOUT_RETURN_TYPE = YES_ERROR;
				GCC_WARN_UNDECLARED_SELECTOR = YES;
				GCC_WARN_UNINITIALIZED_AUTOS = YES_AGGRESSIVE;
				GCC_WARN_UNUSED_FUNCTION = YES;
				GCC_WARN_UNUSED_VARIABLE = YES;
				IPHONEOS_DEPLOYMENT_TARGET = 15.5;
				MTL_ENABLE_DEBUG_INFO = INCLUDE_SOURCE;
				MTL_FAST_MATH = YES;
				ONLY_ACTIVE_ARCH = YES;
				SDKROOT = iphoneos;
				SWIFT_ACTIVE_COMPILATION_CONDITIONS = DEBUG;
				SWIFT_OPTIMIZATION_LEVEL = "-Onone";
			};
			name = Debug;
		};
		A17B926E2889125400025049 /* Release */ = {
			isa = XCBuildConfiguration;
			buildSettings = {
				ALWAYS_SEARCH_USER_PATHS = NO;
				CLANG_ANALYZER_NONNULL = YES;
				CLANG_ANALYZER_NUMBER_OBJECT_CONVERSION = YES_AGGRESSIVE;
				CLANG_CXX_LANGUAGE_STANDARD = "gnu++17";
				CLANG_ENABLE_MODULES = YES;
				CLANG_ENABLE_OBJC_ARC = YES;
				CLANG_ENABLE_OBJC_WEAK = YES;
				CLANG_WARN_BLOCK_CAPTURE_AUTORELEASING = YES;
				CLANG_WARN_BOOL_CONVERSION = YES;
				CLANG_WARN_COMMA = YES;
				CLANG_WARN_CONSTANT_CONVERSION = YES;
				CLANG_WARN_DEPRECATED_OBJC_IMPLEMENTATIONS = YES;
				CLANG_WARN_DIRECT_OBJC_ISA_USAGE = YES_ERROR;
				CLANG_WARN_DOCUMENTATION_COMMENTS = YES;
				CLANG_WARN_EMPTY_BODY = YES;
				CLANG_WARN_ENUM_CONVERSION = YES;
				CLANG_WARN_INFINITE_RECURSION = YES;
				CLANG_WARN_INT_CONVERSION = YES;
				CLANG_WARN_NON_LITERAL_NULL_CONVERSION = YES;
				CLANG_WARN_OBJC_IMPLICIT_RETAIN_SELF = YES;
				CLANG_WARN_OBJC_LITERAL_CONVERSION = YES;
				CLANG_WARN_OBJC_ROOT_CLASS = YES_ERROR;
				CLANG_WARN_QUOTED_INCLUDE_IN_FRAMEWORK_HEADER = YES;
				CLANG_WARN_RANGE_LOOP_ANALYSIS = YES;
				CLANG_WARN_STRICT_PROTOTYPES = YES;
				CLANG_WARN_SUSPICIOUS_MOVE = YES;
				CLANG_WARN_UNGUARDED_AVAILABILITY = YES_AGGRESSIVE;
				CLANG_WARN_UNREACHABLE_CODE = YES;
				CLANG_WARN__DUPLICATE_METHOD_MATCH = YES;
				COPY_PHASE_STRIP = NO;
				DEBUG_INFORMATION_FORMAT = "dwarf-with-dsym";
				ENABLE_NS_ASSERTIONS = NO;
				ENABLE_STRICT_OBJC_MSGSEND = YES;
				GCC_C_LANGUAGE_STANDARD = gnu11;
				GCC_NO_COMMON_BLOCKS = YES;
				GCC_WARN_64_TO_32_BIT_CONVERSION = YES;
				GCC_WARN_ABOUT_RETURN_TYPE = YES_ERROR;
				GCC_WARN_UNDECLARED_SELECTOR = YES;
				GCC_WARN_UNINITIALIZED_AUTOS = YES_AGGRESSIVE;
				GCC_WARN_UNUSED_FUNCTION = YES;
				GCC_WARN_UNUSED_VARIABLE = YES;
				IPHONEOS_DEPLOYMENT_TARGET = 15.5;
				MTL_ENABLE_DEBUG_INFO = NO;
				MTL_FAST_MATH = YES;
				SDKROOT = iphoneos;
				SWIFT_COMPILATION_MODE = wholemodule;
				SWIFT_OPTIMIZATION_LEVEL = "-O";
				VALIDATE_PRODUCT = YES;
			};
			name = Release;
		};
		A17B92702889125400025049 /* Debug */ = {
			isa = XCBuildConfiguration;
			buildSettings = {
				ASSETCATALOG_COMPILER_APPICON_NAME = AppIcon;
				ASSETCATALOG_COMPILER_GLOBAL_ACCENT_COLOR_NAME = AccentColor;
				CODE_SIGN_STYLE = Automatic;
				CURRENT_PROJECT_VERSION = 1;
				DEVELOPMENT_ASSET_PATHS = "\"CS193P/Preview Content\"";
				DEVELOPMENT_TEAM = VBHJCPK49S;
				ENABLE_PREVIEWS = YES;
				GENERATE_INFOPLIST_FILE = YES;
				INFOPLIST_KEY_UIApplicationSceneManifest_Generation = YES;
				INFOPLIST_KEY_UIApplicationSupportsIndirectInputEvents = YES;
				INFOPLIST_KEY_UILaunchScreen_Generation = YES;
				INFOPLIST_KEY_UISupportedInterfaceOrientations_iPad = "UIInterfaceOrientationPortrait UIInterfaceOrientationPortraitUpsideDown UIInterfaceOrientationLandscapeLeft UIInterfaceOrientationLandscapeRight";
				INFOPLIST_KEY_UISupportedInterfaceOrientations_iPhone = "UIInterfaceOrientationPortrait UIInterfaceOrientationLandscapeLeft UIInterfaceOrientationLandscapeRight";
				LD_RUNPATH_SEARCH_PATHS = (
					"$(inherited)",
					"@executable_path/Frameworks",
				);
				MARKETING_VERSION = 1.0;
				PRODUCT_BUNDLE_IDENTIFIER = kyujin.CS193P;
				PRODUCT_NAME = "$(TARGET_NAME)";
				SWIFT_EMIT_LOC_STRINGS = YES;
				SWIFT_VERSION = 5.0;
				TARGETED_DEVICE_FAMILY = "1,2";
			};
			name = Debug;
		};
		A17B92712889125400025049 /* Release */ = {
			isa = XCBuildConfiguration;
			buildSettings = {
				ASSETCATALOG_COMPILER_APPICON_NAME = AppIcon;
				ASSETCATALOG_COMPILER_GLOBAL_ACCENT_COLOR_NAME = AccentColor;
				CODE_SIGN_STYLE = Automatic;
				CURRENT_PROJECT_VERSION = 1;
				DEVELOPMENT_ASSET_PATHS = "\"CS193P/Preview Content\"";
				DEVELOPMENT_TEAM = VBHJCPK49S;
				ENABLE_PREVIEWS = YES;
				GENERATE_INFOPLIST_FILE = YES;
				INFOPLIST_KEY_UIApplicationSceneManifest_Generation = YES;
				INFOPLIST_KEY_UIApplicationSupportsIndirectInputEvents = YES;
				INFOPLIST_KEY_UILaunchScreen_Generation = YES;
				INFOPLIST_KEY_UISupportedInterfaceOrientations_iPad = "UIInterfaceOrientationPortrait UIInterfaceOrientationPortraitUpsideDown UIInterfaceOrientationLandscapeLeft UIInterfaceOrientationLandscapeRight";
				INFOPLIST_KEY_UISupportedInterfaceOrientations_iPhone = "UIInterfaceOrientationPortrait UIInterfaceOrientationLandscapeLeft UIInterfaceOrientationLandscapeRight";
				LD_RUNPATH_SEARCH_PATHS = (
					"$(inherited)",
					"@executable_path/Frameworks",
				);
				MARKETING_VERSION = 1.0;
				PRODUCT_BUNDLE_IDENTIFIER = kyujin.CS193P;
				PRODUCT_NAME = "$(TARGET_NAME)";
				SWIFT_EMIT_LOC_STRINGS = YES;
				SWIFT_VERSION = 5.0;
				TARGETED_DEVICE_FAMILY = "1,2";
			};
			name = Release;
		};
		A17B92732889125400025049 /* Debug */ = {
			isa = XCBuildConfiguration;
			buildSettings = {
				ALWAYS_EMBED_SWIFT_STANDARD_LIBRARIES = YES;
				BUNDLE_LOADER = "$(TEST_HOST)";
				CODE_SIGN_STYLE = Automatic;
				CURRENT_PROJECT_VERSION = 1;
				DEVELOPMENT_TEAM = VBHJCPK49S;
				GENERATE_INFOPLIST_FILE = YES;
				IPHONEOS_DEPLOYMENT_TARGET = 15.5;
				MARKETING_VERSION = 1.0;
				PRODUCT_BUNDLE_IDENTIFIER = kyujin.CS193PTests;
				PRODUCT_NAME = "$(TARGET_NAME)";
				SWIFT_EMIT_LOC_STRINGS = NO;
				SWIFT_VERSION = 5.0;
				TARGETED_DEVICE_FAMILY = "1,2";
				TEST_HOST = "$(BUILT_PRODUCTS_DIR)/CS193P.app/CS193P";
			};
			name = Debug;
		};
		A17B92742889125400025049 /* Release */ = {
			isa = XCBuildConfiguration;
			buildSettings = {
				ALWAYS_EMBED_SWIFT_STANDARD_LIBRARIES = YES;
				BUNDLE_LOADER = "$(TEST_HOST)";
				CODE_SIGN_STYLE = Automatic;
				CURRENT_PROJECT_VERSION = 1;
				DEVELOPMENT_TEAM = VBHJCPK49S;
				GENERATE_INFOPLIST_FILE = YES;
				IPHONEOS_DEPLOYMENT_TARGET = 15.5;
				MARKETING_VERSION = 1.0;
				PRODUCT_BUNDLE_IDENTIFIER = kyujin.CS193PTests;
				PRODUCT_NAME = "$(TARGET_NAME)";
				SWIFT_EMIT_LOC_STRINGS = NO;
				SWIFT_VERSION = 5.0;
				TARGETED_DEVICE_FAMILY = "1,2";
				TEST_HOST = "$(BUILT_PRODUCTS_DIR)/CS193P.app/CS193P";
			};
			name = Release;
		};
		A17B92762889125400025049 /* Debug */ = {
			isa = XCBuildConfiguration;
			buildSettings = {
				ALWAYS_EMBED_SWIFT_STANDARD_LIBRARIES = YES;
				CODE_SIGN_STYLE = Automatic;
				CURRENT_PROJECT_VERSION = 1;
				DEVELOPMENT_TEAM = VBHJCPK49S;
				GENERATE_INFOPLIST_FILE = YES;
				MARKETING_VERSION = 1.0;
				PRODUCT_BUNDLE_IDENTIFIER = kyujin.CS193PUITests;
				PRODUCT_NAME = "$(TARGET_NAME)";
				SWIFT_EMIT_LOC_STRINGS = NO;
				SWIFT_VERSION = 5.0;
				TARGETED_DEVICE_FAMILY = "1,2";
				TEST_TARGET_NAME = CS193P;
			};
			name = Debug;
		};
		A17B92772889125400025049 /* Release */ = {
			isa = XCBuildConfiguration;
			buildSettings = {
				ALWAYS_EMBED_SWIFT_STANDARD_LIBRARIES = YES;
				CODE_SIGN_STYLE = Automatic;
				CURRENT_PROJECT_VERSION = 1;
				DEVELOPMENT_TEAM = VBHJCPK49S;
				GENERATE_INFOPLIST_FILE = YES;
				MARKETING_VERSION = 1.0;
				PRODUCT_BUNDLE_IDENTIFIER = kyujin.CS193PUITests;
				PRODUCT_NAME = "$(TARGET_NAME)";
				SWIFT_EMIT_LOC_STRINGS = NO;
				SWIFT_VERSION = 5.0;
				TARGETED_DEVICE_FAMILY = "1,2";
				TEST_TARGET_NAME = CS193P;
			};
			name = Release;
		};
/* End XCBuildConfiguration section */

/* Begin XCConfigurationList section */
		A17B92462889125300025049 /* Build configuration list for PBXProject "CS193P" */ = {
			isa = XCConfigurationList;
			buildConfigurations = (
				A17B926D2889125400025049 /* Debug */,
				A17B926E2889125400025049 /* Release */,
			);
			defaultConfigurationIsVisible = 0;
			defaultConfigurationName = Release;
		};
		A17B926F2889125400025049 /* Build configuration list for PBXNativeTarget "CS193P" */ = {
			isa = XCConfigurationList;
			buildConfigurations = (
				A17B92702889125400025049 /* Debug */,
				A17B92712889125400025049 /* Release */,
			);
			defaultConfigurationIsVisible = 0;
			defaultConfigurationName = Release;
		};
		A17B92722889125400025049 /* Build configuration list for PBXNativeTarget "CS193PTests" */ = {
			isa = XCConfigurationList;
			buildConfigurations = (
				A17B92732889125400025049 /* Debug */,
				A17B92742889125400025049 /* Release */,
			);
			defaultConfigurationIsVisible = 0;
			defaultConfigurationName = Release;
		};
		A17B92752889125400025049 /* Build configuration list for PBXNativeTarget "CS193PUITests" */ = {
			isa = XCConfigurationList;
			buildConfigurations = (
				A17B92762889125400025049 /* Debug */,
				A17B92772889125400025049 /* Release */,
			);
			defaultConfigurationIsVisible = 0;
			defaultConfigurationName = Release;
		};
/* End XCConfigurationList section */
	};
	rootObject = A17B92432889125300025049 /* Project object */;
}
